
Microsoft Visual Studio Solution File, Format Version 12.00
# Visual Studio Version 16
VisualStudioVersion = 16.0.29926.136
MinimumVisualStudioVersion = 10.0.40219.1
Project("{FAE04EC0-301F-11D3-BF4B-00C04F79EFBC}") = "WsTest", "WsTest\WsTest.csproj", "{01A47274-C0AA-4BF1-855A-2CE1882F3FE1}"
EndProject
Global
	GlobalSection(SolutionConfigurationPlatforms) = preSolution
		Debug|Any CPU = Debug|Any CPU
		Release|Any CPU = Release|Any CPU
	EndGlobalSection
	GlobalSection(ProjectConfigurationPlatforms) = postSolution
		{01A47274-C0AA-4BF1-855A-2CE1882F3FE1}.Debug|Any CPU.ActiveCfg = Debug|Any CPU
		{01A47274-C0AA-4BF1-855A-2CE1882F3FE1}.Debug|Any CPU.Build.0 = Debug|Any CPU
		{01A47274-C0AA-4BF1-855A-2CE1882F3FE1}.Release|Any CPU.ActiveCfg = Release|Any CPU
		{01A47274-C0AA-4BF1-855A-2CE1882F3FE1}.Release|Any CPU.Build.0 = Release|Any CPU
	EndGlobalSection
	GlobalSection(SolutionProperties) = preSolution
		HideSolutionNode = FALSE
	EndGlobalSection
	GlobalSection(ExtensibilityGlobals) = postSolution
		SolutionGuid = {871570EA-4655-4146-B047-8FC10EA92E9F}
	EndGlobalSection
EndGlobal
